
Microsoft Visual Studio Solution File, Format Version 12.00
# Visual Studio 14
VisualStudioVersion = 14.0.25420.1
MinimumVisualStudioVersion = 10.0.40219.1
Project("{FAE04EC0-301F-11D3-BF4B-00C04F79EFBC}") = "Illuminant", "Illuminant\Illuminant.csproj", "{E86544AD-5974-4FEE-B96F-71331EFAB054}"
EndProject
Project("{FAE04EC0-301F-11D3-BF4B-00C04F79EFBC}") = "TestGame", "TestGame\TestGame\TestGame.csproj", "{B689A415-A94D-4B41-9DAE-8A542EFB76B4}"
EndProject
Project("{FAE04EC0-301F-11D3-BF4B-00C04F79EFBC}") = "Squared.Render", "..\Fracture\Squared\RenderLib\Squared.Render.csproj", "{FE871F18-FD35-4124-AF8F-0021C9D4BA29}"
EndProject
Project("{FAE04EC0-301F-11D3-BF4B-00C04F79EFBC}") = "Squared.Game", "..\Fracture\Squared\GameLib\Squared.Game.csproj", "{36463AEE-E309-43A6-BCFA-A69944390AF0}"
EndProject
Project("{FAE04EC0-301F-11D3-BF4B-00C04F79EFBC}") = "Squared.Util", "..\Fracture\Squared\Util\Squared.Util.csproj", "{D7F549CF-E0A6-491C-A78C-ECAB590BB2A7}"
EndProject
Project("{FAE04EC0-301F-11D3-BF4B-00C04F79EFBC}") = "Squared.Threading", "..\Fracture\Squared\Threading\Squared.Threading.csproj", "{ECCB8787-0FC6-43B2-ABD1-6CBB237916EC}"
EndProject
Project("{FAE04EC0-301F-11D3-BF4B-00C04F79EFBC}") = "Squared.Render.Freetype", "..\Fracture\Squared\Render.Freetype\Squared.Render.Freetype.csproj", "{CFB603C1-8371-460D-BA60-91E697EAE1B3}"
EndProject
Project("{8BC9CEB8-8B4A-11D0-8D11-00A0C91BC942}") = "Nuklear", "Squared.Nuklear\Nuklear\Nuklear.vcxproj", "{6EF251C3-0CF3-4E0C-907B-11BD3DEBA8E6}"
EndProject
Project("{FAE04EC0-301F-11D3-BF4B-00C04F79EFBC}") = "Squared.Nuklear", "Squared.Nuklear\Squared.Nuklear\Squared.Nuklear.csproj", "{BDB132A4-22A1-479D-A4D0-0A2B00021F16}"
EndProject
Project("{FAE04EC0-301F-11D3-BF4B-00C04F79EFBC}") = "Lumined", "ParticleEditor\Lumined.csproj", "{B689A415-A94D-4B41-9DAE-8A542EFB76B5}"
EndProject
Project("{FAE04EC0-301F-11D3-BF4B-00C04F79EFBC}") = "Squared.Task", "..\Fracture\Squared\TaskLib\Squared.Task.csproj", "{173ABDCA-7278-46FF-A300-D3BF8CCEF181}"
EndProject
Project("{8BC9CEB8-8B4A-11D0-8D11-00A0C91BC942}") = "STBNative", "..\Fracture\Squared\STBNative\STBNative.vcxproj", "{82960120-664F-4D6C-9DA5-140077DDB6C1}"
EndProject
Project("{FAE04EC0-301F-11D3-BF4B-00C04F79EFBC}") = "Squared.Render.STB", "..\Fracture\Squared\Render.STB\Squared.Render.STB.csproj", "{CFB603C1-8371-460D-BA60-91E697EAE1B4}"
EndProject
Project("{FAE04EC0-301F-11D3-BF4B-00C04F79EFBC}") = "Modeling", "Modeling\Modeling.csproj", "{9C41F780-0084-4F13-A24A-47433D4DCD4C}"
EndProject
Project("{FAE04EC0-301F-11D3-BF4B-00C04F79EFBC}") = "FNA", "..\FNA\FNA.csproj", "{35253CE1-C864-4CD3-8249-4D1319748E8F}"
EndProject
Global
	GlobalSection(Performance) = preSolution
		HasPerformanceSessions = true
	EndGlobalSection
	GlobalSection(SolutionConfigurationPlatforms) = preSolution
		Debug|FNA = Debug|FNA
		Debug|x86 = Debug|x86
		Release|FNA = Release|FNA
		Release|x86 = Release|x86
	EndGlobalSection
	GlobalSection(ProjectConfigurationPlatforms) = postSolution
		{E86544AD-5974-4FEE-B96F-71331EFAB054}.Debug|FNA.ActiveCfg = Debug|FNA
		{E86544AD-5974-4FEE-B96F-71331EFAB054}.Debug|FNA.Build.0 = Debug|FNA
		{E86544AD-5974-4FEE-B96F-71331EFAB054}.Debug|x86.ActiveCfg = Debug|x86
		{E86544AD-5974-4FEE-B96F-71331EFAB054}.Debug|x86.Build.0 = Debug|x86
		{E86544AD-5974-4FEE-B96F-71331EFAB054}.Release|FNA.ActiveCfg = Release|FNA
		{E86544AD-5974-4FEE-B96F-71331EFAB054}.Release|FNA.Build.0 = Release|FNA
		{E86544AD-5974-4FEE-B96F-71331EFAB054}.Release|x86.ActiveCfg = Release|x86
		{E86544AD-5974-4FEE-B96F-71331EFAB054}.Release|x86.Build.0 = Release|x86
		{B689A415-A94D-4B41-9DAE-8A542EFB76B4}.Debug|FNA.ActiveCfg = Debug|FNA
		{B689A415-A94D-4B41-9DAE-8A542EFB76B4}.Debug|FNA.Build.0 = Debug|FNA
		{B689A415-A94D-4B41-9DAE-8A542EFB76B4}.Debug|x86.ActiveCfg = Debug|x86
		{B689A415-A94D-4B41-9DAE-8A542EFB76B4}.Debug|x86.Build.0 = Debug|x86
		{B689A415-A94D-4B41-9DAE-8A542EFB76B4}.Release|FNA.ActiveCfg = Release|FNA
		{B689A415-A94D-4B41-9DAE-8A542EFB76B4}.Release|FNA.Build.0 = Release|FNA
		{B689A415-A94D-4B41-9DAE-8A542EFB76B4}.Release|x86.ActiveCfg = Release|x86
		{B689A415-A94D-4B41-9DAE-8A542EFB76B4}.Release|x86.Build.0 = Release|x86
		{FE871F18-FD35-4124-AF8F-0021C9D4BA29}.Debug|FNA.ActiveCfg = Debug|FNA
		{FE871F18-FD35-4124-AF8F-0021C9D4BA29}.Debug|FNA.Build.0 = Debug|FNA
		{FE871F18-FD35-4124-AF8F-0021C9D4BA29}.Debug|x86.ActiveCfg = Debug|x86
		{FE871F18-FD35-4124-AF8F-0021C9D4BA29}.Debug|x86.Build.0 = Debug|x86
		{FE871F18-FD35-4124-AF8F-0021C9D4BA29}.Release|FNA.ActiveCfg = Release|FNA
		{FE871F18-FD35-4124-AF8F-0021C9D4BA29}.Release|FNA.Build.0 = Release|FNA
		{FE871F18-FD35-4124-AF8F-0021C9D4BA29}.Release|x86.ActiveCfg = Release|x86
		{FE871F18-FD35-4124-AF8F-0021C9D4BA29}.Release|x86.Build.0 = Release|x86
		{36463AEE-E309-43A6-BCFA-A69944390AF0}.Debug|FNA.ActiveCfg = Debug|FNA
		{36463AEE-E309-43A6-BCFA-A69944390AF0}.Debug|FNA.Build.0 = Debug|FNA
		{36463AEE-E309-43A6-BCFA-A69944390AF0}.Debug|x86.ActiveCfg = Debug|x86
		{36463AEE-E309-43A6-BCFA-A69944390AF0}.Debug|x86.Build.0 = Debug|x86
		{36463AEE-E309-43A6-BCFA-A69944390AF0}.Release|FNA.ActiveCfg = Release|FNA
		{36463AEE-E309-43A6-BCFA-A69944390AF0}.Release|FNA.Build.0 = Release|FNA
		{36463AEE-E309-43A6-BCFA-A69944390AF0}.Release|x86.ActiveCfg = Release|x86
		{36463AEE-E309-43A6-BCFA-A69944390AF0}.Release|x86.Build.0 = Release|x86
		{D7F549CF-E0A6-491C-A78C-ECAB590BB2A7}.Debug|FNA.ActiveCfg = Debug|Any CPU
		{D7F549CF-E0A6-491C-A78C-ECAB590BB2A7}.Debug|FNA.Build.0 = Debug|Any CPU
		{D7F549CF-E0A6-491C-A78C-ECAB590BB2A7}.Debug|x86.ActiveCfg = Debug|x86
		{D7F549CF-E0A6-491C-A78C-ECAB590BB2A7}.Debug|x86.Build.0 = Debug|x86
		{D7F549CF-E0A6-491C-A78C-ECAB590BB2A7}.Release|FNA.ActiveCfg = Release|Any CPU
		{D7F549CF-E0A6-491C-A78C-ECAB590BB2A7}.Release|FNA.Build.0 = Release|Any CPU
		{D7F549CF-E0A6-491C-A78C-ECAB590BB2A7}.Release|x86.ActiveCfg = Release|x86
		{D7F549CF-E0A6-491C-A78C-ECAB590BB2A7}.Release|x86.Build.0 = Release|x86
		{ECCB8787-0FC6-43B2-ABD1-6CBB237916EC}.Debug|FNA.ActiveCfg = Debug|Any CPU
		{ECCB8787-0FC6-43B2-ABD1-6CBB237916EC}.Debug|FNA.Build.0 = Debug|Any CPU
		{ECCB8787-0FC6-43B2-ABD1-6CBB237916EC}.Debug|x86.ActiveCfg = Debug|Any CPU
		{ECCB8787-0FC6-43B2-ABD1-6CBB237916EC}.Debug|x86.Build.0 = Debug|Any CPU
		{ECCB8787-0FC6-43B2-ABD1-6CBB237916EC}.Release|FNA.ActiveCfg = Release|Any CPU
		{ECCB8787-0FC6-43B2-ABD1-6CBB237916EC}.Release|FNA.Build.0 = Release|Any CPU
		{ECCB8787-0FC6-43B2-ABD1-6CBB237916EC}.Release|x86.ActiveCfg = Release|Any CPU
		{ECCB8787-0FC6-43B2-ABD1-6CBB237916EC}.Release|x86.Build.0 = Release|Any CPU
		{CFB603C1-8371-460D-BA60-91E697EAE1B3}.Debug|FNA.ActiveCfg = Debug|FNA
		{CFB603C1-8371-460D-BA60-91E697EAE1B3}.Debug|FNA.Build.0 = Debug|FNA
		{CFB603C1-8371-460D-BA60-91E697EAE1B3}.Debug|x86.ActiveCfg = Debug|x86
		{CFB603C1-8371-460D-BA60-91E697EAE1B3}.Debug|x86.Build.0 = Debug|x86
		{CFB603C1-8371-460D-BA60-91E697EAE1B3}.Release|FNA.ActiveCfg = Release|FNA
		{CFB603C1-8371-460D-BA60-91E697EAE1B3}.Release|FNA.Build.0 = Release|FNA
		{CFB603C1-8371-460D-BA60-91E697EAE1B3}.Release|x86.ActiveCfg = Release|x86
		{CFB603C1-8371-460D-BA60-91E697EAE1B3}.Release|x86.Build.0 = Release|x86
		{6EF251C3-0CF3-4E0C-907B-11BD3DEBA8E6}.Debug|FNA.ActiveCfg = Debug|Win32
		{6EF251C3-0CF3-4E0C-907B-11BD3DEBA8E6}.Debug|FNA.Build.0 = Debug|Win32
		{6EF251C3-0CF3-4E0C-907B-11BD3DEBA8E6}.Debug|x86.ActiveCfg = Debug|Win32
		{6EF251C3-0CF3-4E0C-907B-11BD3DEBA8E6}.Debug|x86.Build.0 = Debug|Win32
		{6EF251C3-0CF3-4E0C-907B-11BD3DEBA8E6}.Release|FNA.ActiveCfg = Release|Win32
		{6EF251C3-0CF3-4E0C-907B-11BD3DEBA8E6}.Release|FNA.Build.0 = Release|Win32
		{6EF251C3-0CF3-4E0C-907B-11BD3DEBA8E6}.Release|x86.ActiveCfg = Release|Win32
		{6EF251C3-0CF3-4E0C-907B-11BD3DEBA8E6}.Release|x86.Build.0 = Release|Win32
		{BDB132A4-22A1-479D-A4D0-0A2B00021F16}.Debug|FNA.ActiveCfg = Debug|x86
		{BDB132A4-22A1-479D-A4D0-0A2B00021F16}.Debug|FNA.Build.0 = Debug|x86
		{BDB132A4-22A1-479D-A4D0-0A2B00021F16}.Debug|x86.ActiveCfg = Debug|x86
		{BDB132A4-22A1-479D-A4D0-0A2B00021F16}.Debug|x86.Build.0 = Debug|x86
		{BDB132A4-22A1-479D-A4D0-0A2B00021F16}.Release|FNA.ActiveCfg = Release|x86
		{BDB132A4-22A1-479D-A4D0-0A2B00021F16}.Release|FNA.Build.0 = Release|x86
		{BDB132A4-22A1-479D-A4D0-0A2B00021F16}.Release|x86.ActiveCfg = Release|x86
		{BDB132A4-22A1-479D-A4D0-0A2B00021F16}.Release|x86.Build.0 = Release|x86
		{B689A415-A94D-4B41-9DAE-8A542EFB76B5}.Debug|FNA.ActiveCfg = Debug|FNA
		{B689A415-A94D-4B41-9DAE-8A542EFB76B5}.Debug|FNA.Build.0 = Debug|FNA
		{B689A415-A94D-4B41-9DAE-8A542EFB76B5}.Debug|x86.ActiveCfg = Debug|x86
		{B689A415-A94D-4B41-9DAE-8A542EFB76B5}.Debug|x86.Build.0 = Debug|x86
		{B689A415-A94D-4B41-9DAE-8A542EFB76B5}.Release|FNA.ActiveCfg = Release|FNA
		{B689A415-A94D-4B41-9DAE-8A542EFB76B5}.Release|FNA.Build.0 = Release|FNA
		{B689A415-A94D-4B41-9DAE-8A542EFB76B5}.Release|x86.ActiveCfg = Release|x86
		{B689A415-A94D-4B41-9DAE-8A542EFB76B5}.Release|x86.Build.0 = Release|x86
		{173ABDCA-7278-46FF-A300-D3BF8CCEF181}.Debug|FNA.ActiveCfg = Debug|Any CPU
		{173ABDCA-7278-46FF-A300-D3BF8CCEF181}.Debug|FNA.Build.0 = Debug|Any CPU
		{173ABDCA-7278-46FF-A300-D3BF8CCEF181}.Debug|x86.ActiveCfg = Debug|x86
		{173ABDCA-7278-46FF-A300-D3BF8CCEF181}.Debug|x86.Build.0 = Debug|x86
		{173ABDCA-7278-46FF-A300-D3BF8CCEF181}.Release|FNA.ActiveCfg = Release|Any CPU
		{173ABDCA-7278-46FF-A300-D3BF8CCEF181}.Release|FNA.Build.0 = Release|Any CPU
		{173ABDCA-7278-46FF-A300-D3BF8CCEF181}.Release|x86.ActiveCfg = Release|x86
		{173ABDCA-7278-46FF-A300-D3BF8CCEF181}.Release|x86.Build.0 = Release|x86
		{82960120-664F-4D6C-9DA5-140077DDB6C1}.Debug|FNA.ActiveCfg = Debug|Win32
		{82960120-664F-4D6C-9DA5-140077DDB6C1}.Debug|FNA.Build.0 = Debug|Win32
		{82960120-664F-4D6C-9DA5-140077DDB6C1}.Debug|x86.ActiveCfg = Debug|Win32
		{82960120-664F-4D6C-9DA5-140077DDB6C1}.Debug|x86.Build.0 = Debug|Win32
		{82960120-664F-4D6C-9DA5-140077DDB6C1}.Release|FNA.ActiveCfg = Release|Win32
		{82960120-664F-4D6C-9DA5-140077DDB6C1}.Release|FNA.Build.0 = Release|Win32
		{82960120-664F-4D6C-9DA5-140077DDB6C1}.Release|x86.ActiveCfg = Release|Win32
		{82960120-664F-4D6C-9DA5-140077DDB6C1}.Release|x86.Build.0 = Release|Win32
		{CFB603C1-8371-460D-BA60-91E697EAE1B4}.Debug|FNA.ActiveCfg = Debug|FNA
		{CFB603C1-8371-460D-BA60-91E697EAE1B4}.Debug|FNA.Build.0 = Debug|FNA
		{CFB603C1-8371-460D-BA60-91E697EAE1B4}.Debug|x86.ActiveCfg = Debug|x86
		{CFB603C1-8371-460D-BA60-91E697EAE1B4}.Debug|x86.Build.0 = Debug|x86
		{CFB603C1-8371-460D-BA60-91E697EAE1B4}.Release|FNA.ActiveCfg = Release|FNA
		{CFB603C1-8371-460D-BA60-91E697EAE1B4}.Release|FNA.Build.0 = Release|FNA
		{CFB603C1-8371-460D-BA60-91E697EAE1B4}.Release|x86.ActiveCfg = Release|x86
		{CFB603C1-8371-460D-BA60-91E697EAE1B4}.Release|x86.Build.0 = Release|x86
		{9C41F780-0084-4F13-A24A-47433D4DCD4C}.Debug|FNA.ActiveCfg = Debug|FNA
		{9C41F780-0084-4F13-A24A-47433D4DCD4C}.Debug|FNA.Build.0 = Debug|FNA
		{9C41F780-0084-4F13-A24A-47433D4DCD4C}.Debug|x86.ActiveCfg = Debug|x86
		{9C41F780-0084-4F13-A24A-47433D4DCD4C}.Debug|x86.Build.0 = Debug|x86
		{9C41F780-0084-4F13-A24A-47433D4DCD4C}.Release|FNA.ActiveCfg = Release|FNA
		{9C41F780-0084-4F13-A24A-47433D4DCD4C}.Release|FNA.Build.0 = Release|FNA
		{9C41F780-0084-4F13-A24A-47433D4DCD4C}.Release|x86.ActiveCfg = Release|x86
		{9C41F780-0084-4F13-A24A-47433D4DCD4C}.Release|x86.Build.0 = Release|x86
		{35253CE1-C864-4CD3-8249-4D1319748E8F}.Debug|FNA.ActiveCfg = Debug|x86
		{35253CE1-C864-4CD3-8249-4D1319748E8F}.Debug|FNA.Build.0 = Debug|x86
		{35253CE1-C864-4CD3-8249-4D1319748E8F}.Debug|x86.ActiveCfg = Debug|x86
		{35253CE1-C864-4CD3-8249-4D1319748E8F}.Debug|x86.Build.0 = Debug|x86
		{35253CE1-C864-4CD3-8249-4D1319748E8F}.Release|FNA.ActiveCfg = Release|x86
		{35253CE1-C864-4CD3-8249-4D1319748E8F}.Release|FNA.Build.0 = Release|x86
		{35253CE1-C864-4CD3-8249-4D1319748E8F}.Release|x86.ActiveCfg = Release|x86
		{35253CE1-C864-4CD3-8249-4D1319748E8F}.Release|x86.Build.0 = Release|x86
	EndGlobalSection
	GlobalSection(SolutionProperties) = preSolution
		HideSolutionNode = FALSE
	EndGlobalSection
EndGlobal
