
Microsoft Visual Studio Solution File, Format Version 12.00
# Visual Studio 14
VisualStudioVersion = 14.0.25420.1
MinimumVisualStudioVersion = 10.0.40219.1
Project("{FAE04EC0-301F-11D3-BF4B-00C04F79EFBC}") = "Illuminant", "Illuminant.csproj", "{E86544AD-5974-4FEE-B96F-71331EFAB054}"
EndProject
Project("{FAE04EC0-301F-11D3-BF4B-00C04F79EFBC}") = "TestGame", "..\TestGame\TestGame\TestGame.csproj", "{B689A415-A94D-4B41-9DAE-8A542EFB76B4}"
EndProject
Project("{FAE04EC0-301F-11D3-BF4B-00C04F79EFBC}") = "TestGameContent", "..\TestGame\TestGameContent\TestGameContent.contentproj", "{B9E5BF6A-D7A2-4BB7-B620-B586E4B24319}"
EndProject
Project("{FAE04EC0-301F-11D3-BF4B-00C04F79EFBC}") = "IlluminantContent", "IlluminantContent\IlluminantContent.contentproj", "{7ACF41C8-1040-4567-9257-CBCF3AD6B431}"
EndProject
Project("{FAE04EC0-301F-11D3-BF4B-00C04F79EFBC}") = "Squared.Render", "..\..\Fracture\Squared\RenderLib\Squared.Render.csproj", "{FE871F18-FD35-4124-AF8F-0021C9D4BA29}"
	ProjectSection(ProjectDependencies) = postProject
		{EAB7FAD6-0915-4134-8331-A2A1F84C6274} = {EAB7FAD6-0915-4134-8331-A2A1F84C6274}
	EndProjectSection
EndProject
Project("{FAE04EC0-301F-11D3-BF4B-00C04F79EFBC}") = "Squared.Game", "..\..\Fracture\Squared\GameLib\Squared.Game.csproj", "{36463AEE-E309-43A6-BCFA-A69944390AF0}"
EndProject
Project("{FAE04EC0-301F-11D3-BF4B-00C04F79EFBC}") = "Squared.Util", "..\..\Fracture\Squared\Util\Squared.Util.csproj", "{D7F549CF-E0A6-491C-A78C-ECAB590BB2A7}"
EndProject
Project("{FAE04EC0-301F-11D3-BF4B-00C04F79EFBC}") = "RenderLibContent", "..\..\Fracture\Squared\RenderLib\Content\RenderLibContent.contentproj", "{D4565A8E-D70B-4E36-B1AE-DF5D9C0EA4B0}"
EndProject
Project("{FAE04EC0-301F-11D3-BF4B-00C04F79EFBC}") = "DummyContentContainer", "..\..\Fracture\Squared\DummyContentContainer\DummyContentContainer.csproj", "{EAB7FAD6-0915-4134-8331-A2A1F84C6274}"
EndProject
Project("{FAE04EC0-301F-11D3-BF4B-00C04F79EFBC}") = "Squared.Threading", "..\..\Fracture\Squared\Threading\Squared.Threading.csproj", "{ECCB8787-0FC6-43B2-ABD1-6CBB237916EC}"
EndProject
Project("{FAE04EC0-301F-11D3-BF4B-00C04F79EFBC}") = "NuklearDotNet", "..\TestGame\Nuklear\NuklearDotNet\NuklearDotNet.csproj", "{BDB132A4-22A1-479D-A4D0-0A2B00021F16}"
EndProject
Project("{8BC9CEB8-8B4A-11D0-8D11-00A0C91BC942}") = "Nuklear", "..\TestGame\Nuklear\Nuklear\Nuklear.vcxproj", "{6EF251C3-0CF3-4E0C-907B-11BD3DEBA8E6}"
EndProject
Project("{FAE04EC0-301F-11D3-BF4B-00C04F79EFBC}") = "Squared.Render.Freetype", "..\..\Fracture\Squared\Render.Freetype\Squared.Render.Freetype.csproj", "{CFB603C1-8371-460D-BA60-91E697EAE1B3}"
EndProject
Global
	GlobalSection(Performance) = preSolution
		HasPerformanceSessions = true
	EndGlobalSection
	GlobalSection(SolutionConfigurationPlatforms) = preSolution
		Debug|Any CPU = Debug|Any CPU
		Debug|x64 = Debug|x64
		Debug|x86 = Debug|x86
		Mono|Any CPU = Mono|Any CPU
		Mono|x64 = Mono|x64
		Mono|x86 = Mono|x86
		Release|Any CPU = Release|Any CPU
		Release|x64 = Release|x64
		Release|x86 = Release|x86
	EndGlobalSection
	GlobalSection(ProjectConfigurationPlatforms) = postSolution
		{E86544AD-5974-4FEE-B96F-71331EFAB054}.Debug|Any CPU.ActiveCfg = Debug|x86
		{E86544AD-5974-4FEE-B96F-71331EFAB054}.Debug|Any CPU.Build.0 = Debug|x86
		{E86544AD-5974-4FEE-B96F-71331EFAB054}.Debug|x64.ActiveCfg = Debug|x86
		{E86544AD-5974-4FEE-B96F-71331EFAB054}.Debug|x86.ActiveCfg = Debug|x86
		{E86544AD-5974-4FEE-B96F-71331EFAB054}.Debug|x86.Build.0 = Debug|x86
		{E86544AD-5974-4FEE-B96F-71331EFAB054}.Mono|Any CPU.ActiveCfg = Release|x86
		{E86544AD-5974-4FEE-B96F-71331EFAB054}.Mono|Any CPU.Build.0 = Release|x86
		{E86544AD-5974-4FEE-B96F-71331EFAB054}.Mono|x64.ActiveCfg = Release|x86
		{E86544AD-5974-4FEE-B96F-71331EFAB054}.Mono|x64.Build.0 = Release|x86
		{E86544AD-5974-4FEE-B96F-71331EFAB054}.Mono|x86.ActiveCfg = Release|x86
		{E86544AD-5974-4FEE-B96F-71331EFAB054}.Mono|x86.Build.0 = Release|x86
		{E86544AD-5974-4FEE-B96F-71331EFAB054}.Release|Any CPU.ActiveCfg = Release|x86
		{E86544AD-5974-4FEE-B96F-71331EFAB054}.Release|Any CPU.Build.0 = Release|x86
		{E86544AD-5974-4FEE-B96F-71331EFAB054}.Release|x64.ActiveCfg = Release|x86
		{E86544AD-5974-4FEE-B96F-71331EFAB054}.Release|x86.ActiveCfg = Release|x86
		{E86544AD-5974-4FEE-B96F-71331EFAB054}.Release|x86.Build.0 = Release|x86
		{B689A415-A94D-4B41-9DAE-8A542EFB76B4}.Debug|Any CPU.ActiveCfg = Debug|x86
		{B689A415-A94D-4B41-9DAE-8A542EFB76B4}.Debug|Any CPU.Build.0 = Debug|x86
		{B689A415-A94D-4B41-9DAE-8A542EFB76B4}.Debug|x64.ActiveCfg = Debug|x86
		{B689A415-A94D-4B41-9DAE-8A542EFB76B4}.Debug|x86.ActiveCfg = Debug|x86
		{B689A415-A94D-4B41-9DAE-8A542EFB76B4}.Debug|x86.Build.0 = Debug|x86
		{B689A415-A94D-4B41-9DAE-8A542EFB76B4}.Mono|Any CPU.ActiveCfg = Release|x86
		{B689A415-A94D-4B41-9DAE-8A542EFB76B4}.Mono|Any CPU.Build.0 = Release|x86
		{B689A415-A94D-4B41-9DAE-8A542EFB76B4}.Mono|x64.ActiveCfg = Release|x86
		{B689A415-A94D-4B41-9DAE-8A542EFB76B4}.Mono|x64.Build.0 = Release|x86
		{B689A415-A94D-4B41-9DAE-8A542EFB76B4}.Mono|x86.ActiveCfg = Release|x86
		{B689A415-A94D-4B41-9DAE-8A542EFB76B4}.Mono|x86.Build.0 = Release|x86
		{B689A415-A94D-4B41-9DAE-8A542EFB76B4}.Release|Any CPU.ActiveCfg = Release|x86
		{B689A415-A94D-4B41-9DAE-8A542EFB76B4}.Release|Any CPU.Build.0 = Release|x86
		{B689A415-A94D-4B41-9DAE-8A542EFB76B4}.Release|x64.ActiveCfg = Release|x86
		{B689A415-A94D-4B41-9DAE-8A542EFB76B4}.Release|x86.ActiveCfg = Release|x86
		{B689A415-A94D-4B41-9DAE-8A542EFB76B4}.Release|x86.Build.0 = Release|x86
		{B9E5BF6A-D7A2-4BB7-B620-B586E4B24319}.Debug|Any CPU.ActiveCfg = Debug|x86
		{B9E5BF6A-D7A2-4BB7-B620-B586E4B24319}.Debug|x64.ActiveCfg = Debug|x86
		{B9E5BF6A-D7A2-4BB7-B620-B586E4B24319}.Debug|x86.ActiveCfg = Debug|x86
		{B9E5BF6A-D7A2-4BB7-B620-B586E4B24319}.Mono|Any CPU.ActiveCfg = Release|x86
		{B9E5BF6A-D7A2-4BB7-B620-B586E4B24319}.Mono|x64.ActiveCfg = Release|x86
		{B9E5BF6A-D7A2-4BB7-B620-B586E4B24319}.Mono|x86.ActiveCfg = Release|x86
		{B9E5BF6A-D7A2-4BB7-B620-B586E4B24319}.Release|Any CPU.ActiveCfg = Release|x86
		{B9E5BF6A-D7A2-4BB7-B620-B586E4B24319}.Release|x64.ActiveCfg = Release|x86
		{B9E5BF6A-D7A2-4BB7-B620-B586E4B24319}.Release|x86.ActiveCfg = Release|x86
		{7ACF41C8-1040-4567-9257-CBCF3AD6B431}.Debug|Any CPU.ActiveCfg = Debug|Any CPU
		{7ACF41C8-1040-4567-9257-CBCF3AD6B431}.Debug|x64.ActiveCfg = Debug|Any CPU
		{7ACF41C8-1040-4567-9257-CBCF3AD6B431}.Debug|x86.ActiveCfg = Debug|Any CPU
		{7ACF41C8-1040-4567-9257-CBCF3AD6B431}.Mono|Any CPU.ActiveCfg = Debug|Any CPU
		{7ACF41C8-1040-4567-9257-CBCF3AD6B431}.Mono|x64.ActiveCfg = Debug|Any CPU
		{7ACF41C8-1040-4567-9257-CBCF3AD6B431}.Mono|x86.ActiveCfg = Debug|Any CPU
		{7ACF41C8-1040-4567-9257-CBCF3AD6B431}.Release|Any CPU.ActiveCfg = Debug|Any CPU
		{7ACF41C8-1040-4567-9257-CBCF3AD6B431}.Release|x64.ActiveCfg = Debug|Any CPU
		{7ACF41C8-1040-4567-9257-CBCF3AD6B431}.Release|x86.ActiveCfg = Debug|Any CPU
		{FE871F18-FD35-4124-AF8F-0021C9D4BA29}.Debug|Any CPU.ActiveCfg = Debug|x86
		{FE871F18-FD35-4124-AF8F-0021C9D4BA29}.Debug|Any CPU.Build.0 = Debug|x86
		{FE871F18-FD35-4124-AF8F-0021C9D4BA29}.Debug|x64.ActiveCfg = Debug|x86
		{FE871F18-FD35-4124-AF8F-0021C9D4BA29}.Debug|x86.ActiveCfg = Debug|x86
		{FE871F18-FD35-4124-AF8F-0021C9D4BA29}.Debug|x86.Build.0 = Debug|x86
		{FE871F18-FD35-4124-AF8F-0021C9D4BA29}.Mono|Any CPU.ActiveCfg = Release|x86
		{FE871F18-FD35-4124-AF8F-0021C9D4BA29}.Mono|Any CPU.Build.0 = Release|x86
		{FE871F18-FD35-4124-AF8F-0021C9D4BA29}.Mono|x64.ActiveCfg = Release|x86
		{FE871F18-FD35-4124-AF8F-0021C9D4BA29}.Mono|x64.Build.0 = Release|x86
		{FE871F18-FD35-4124-AF8F-0021C9D4BA29}.Mono|x86.ActiveCfg = Release|x86
		{FE871F18-FD35-4124-AF8F-0021C9D4BA29}.Mono|x86.Build.0 = Release|x86
		{FE871F18-FD35-4124-AF8F-0021C9D4BA29}.Release|Any CPU.ActiveCfg = Release|x86
		{FE871F18-FD35-4124-AF8F-0021C9D4BA29}.Release|Any CPU.Build.0 = Release|x86
		{FE871F18-FD35-4124-AF8F-0021C9D4BA29}.Release|x64.ActiveCfg = Release|x86
		{FE871F18-FD35-4124-AF8F-0021C9D4BA29}.Release|x86.ActiveCfg = Release|x86
		{FE871F18-FD35-4124-AF8F-0021C9D4BA29}.Release|x86.Build.0 = Release|x86
		{36463AEE-E309-43A6-BCFA-A69944390AF0}.Debug|Any CPU.ActiveCfg = Debug|x86
		{36463AEE-E309-43A6-BCFA-A69944390AF0}.Debug|Any CPU.Build.0 = Debug|x86
		{36463AEE-E309-43A6-BCFA-A69944390AF0}.Debug|x64.ActiveCfg = Debug|x86
		{36463AEE-E309-43A6-BCFA-A69944390AF0}.Debug|x86.ActiveCfg = Debug|x86
		{36463AEE-E309-43A6-BCFA-A69944390AF0}.Debug|x86.Build.0 = Debug|x86
		{36463AEE-E309-43A6-BCFA-A69944390AF0}.Mono|Any CPU.ActiveCfg = Release|x86
		{36463AEE-E309-43A6-BCFA-A69944390AF0}.Mono|Any CPU.Build.0 = Release|x86
		{36463AEE-E309-43A6-BCFA-A69944390AF0}.Mono|x64.ActiveCfg = Release|x86
		{36463AEE-E309-43A6-BCFA-A69944390AF0}.Mono|x64.Build.0 = Release|x86
		{36463AEE-E309-43A6-BCFA-A69944390AF0}.Mono|x86.ActiveCfg = Release|x86
		{36463AEE-E309-43A6-BCFA-A69944390AF0}.Mono|x86.Build.0 = Release|x86
		{36463AEE-E309-43A6-BCFA-A69944390AF0}.Release|Any CPU.ActiveCfg = Release|x86
		{36463AEE-E309-43A6-BCFA-A69944390AF0}.Release|Any CPU.Build.0 = Release|x86
		{36463AEE-E309-43A6-BCFA-A69944390AF0}.Release|x64.ActiveCfg = Release|x86
		{36463AEE-E309-43A6-BCFA-A69944390AF0}.Release|x86.ActiveCfg = Release|x86
		{36463AEE-E309-43A6-BCFA-A69944390AF0}.Release|x86.Build.0 = Release|x86
		{D7F549CF-E0A6-491C-A78C-ECAB590BB2A7}.Debug|Any CPU.ActiveCfg = Debug|Any CPU
		{D7F549CF-E0A6-491C-A78C-ECAB590BB2A7}.Debug|Any CPU.Build.0 = Debug|Any CPU
		{D7F549CF-E0A6-491C-A78C-ECAB590BB2A7}.Debug|x64.ActiveCfg = Debug|Any CPU
		{D7F549CF-E0A6-491C-A78C-ECAB590BB2A7}.Debug|x64.Build.0 = Debug|Any CPU
		{D7F549CF-E0A6-491C-A78C-ECAB590BB2A7}.Debug|x86.ActiveCfg = Debug|x86
		{D7F549CF-E0A6-491C-A78C-ECAB590BB2A7}.Debug|x86.Build.0 = Debug|x86
		{D7F549CF-E0A6-491C-A78C-ECAB590BB2A7}.Mono|Any CPU.ActiveCfg = Mono|Any CPU
		{D7F549CF-E0A6-491C-A78C-ECAB590BB2A7}.Mono|Any CPU.Build.0 = Mono|Any CPU
		{D7F549CF-E0A6-491C-A78C-ECAB590BB2A7}.Mono|x64.ActiveCfg = Mono|Any CPU
		{D7F549CF-E0A6-491C-A78C-ECAB590BB2A7}.Mono|x64.Build.0 = Mono|Any CPU
		{D7F549CF-E0A6-491C-A78C-ECAB590BB2A7}.Mono|x86.ActiveCfg = Mono|x86
		{D7F549CF-E0A6-491C-A78C-ECAB590BB2A7}.Mono|x86.Build.0 = Mono|x86
		{D7F549CF-E0A6-491C-A78C-ECAB590BB2A7}.Release|Any CPU.ActiveCfg = Release|Any CPU
		{D7F549CF-E0A6-491C-A78C-ECAB590BB2A7}.Release|Any CPU.Build.0 = Release|Any CPU
		{D7F549CF-E0A6-491C-A78C-ECAB590BB2A7}.Release|x64.ActiveCfg = Release|Any CPU
		{D7F549CF-E0A6-491C-A78C-ECAB590BB2A7}.Release|x64.Build.0 = Release|Any CPU
		{D7F549CF-E0A6-491C-A78C-ECAB590BB2A7}.Release|x86.ActiveCfg = Release|x86
		{D7F549CF-E0A6-491C-A78C-ECAB590BB2A7}.Release|x86.Build.0 = Release|x86
		{D4565A8E-D70B-4E36-B1AE-DF5D9C0EA4B0}.Debug|Any CPU.ActiveCfg = Debug|x86
		{D4565A8E-D70B-4E36-B1AE-DF5D9C0EA4B0}.Debug|x64.ActiveCfg = Debug|x86
		{D4565A8E-D70B-4E36-B1AE-DF5D9C0EA4B0}.Debug|x86.ActiveCfg = Debug|x86
		{D4565A8E-D70B-4E36-B1AE-DF5D9C0EA4B0}.Mono|Any CPU.ActiveCfg = Release|x86
		{D4565A8E-D70B-4E36-B1AE-DF5D9C0EA4B0}.Mono|x64.ActiveCfg = Release|x86
		{D4565A8E-D70B-4E36-B1AE-DF5D9C0EA4B0}.Mono|x86.ActiveCfg = Release|x86
		{D4565A8E-D70B-4E36-B1AE-DF5D9C0EA4B0}.Release|Any CPU.ActiveCfg = Release|x86
		{D4565A8E-D70B-4E36-B1AE-DF5D9C0EA4B0}.Release|x64.ActiveCfg = Release|x86
		{D4565A8E-D70B-4E36-B1AE-DF5D9C0EA4B0}.Release|x86.ActiveCfg = Release|x86
		{EAB7FAD6-0915-4134-8331-A2A1F84C6274}.Debug|Any CPU.ActiveCfg = Debug|x86
		{EAB7FAD6-0915-4134-8331-A2A1F84C6274}.Debug|Any CPU.Build.0 = Debug|x86
		{EAB7FAD6-0915-4134-8331-A2A1F84C6274}.Debug|x64.ActiveCfg = Debug|x86
		{EAB7FAD6-0915-4134-8331-A2A1F84C6274}.Debug|x86.ActiveCfg = Debug|x86
		{EAB7FAD6-0915-4134-8331-A2A1F84C6274}.Debug|x86.Build.0 = Debug|x86
		{EAB7FAD6-0915-4134-8331-A2A1F84C6274}.Mono|Any CPU.ActiveCfg = Release|x86
		{EAB7FAD6-0915-4134-8331-A2A1F84C6274}.Mono|Any CPU.Build.0 = Release|x86
		{EAB7FAD6-0915-4134-8331-A2A1F84C6274}.Mono|x64.ActiveCfg = Release|x86
		{EAB7FAD6-0915-4134-8331-A2A1F84C6274}.Mono|x64.Build.0 = Release|x86
		{EAB7FAD6-0915-4134-8331-A2A1F84C6274}.Mono|x86.ActiveCfg = Release|x86
		{EAB7FAD6-0915-4134-8331-A2A1F84C6274}.Mono|x86.Build.0 = Release|x86
		{EAB7FAD6-0915-4134-8331-A2A1F84C6274}.Release|Any CPU.ActiveCfg = Release|x86
		{EAB7FAD6-0915-4134-8331-A2A1F84C6274}.Release|Any CPU.Build.0 = Release|x86
		{EAB7FAD6-0915-4134-8331-A2A1F84C6274}.Release|x64.ActiveCfg = Release|x86
		{EAB7FAD6-0915-4134-8331-A2A1F84C6274}.Release|x86.ActiveCfg = Release|x86
		{EAB7FAD6-0915-4134-8331-A2A1F84C6274}.Release|x86.Build.0 = Release|x86
		{ECCB8787-0FC6-43B2-ABD1-6CBB237916EC}.Debug|Any CPU.ActiveCfg = Debug|Any CPU
		{ECCB8787-0FC6-43B2-ABD1-6CBB237916EC}.Debug|Any CPU.Build.0 = Debug|Any CPU
		{ECCB8787-0FC6-43B2-ABD1-6CBB237916EC}.Debug|x64.ActiveCfg = Debug|Any CPU
		{ECCB8787-0FC6-43B2-ABD1-6CBB237916EC}.Debug|x64.Build.0 = Debug|Any CPU
		{ECCB8787-0FC6-43B2-ABD1-6CBB237916EC}.Debug|x86.ActiveCfg = Debug|Any CPU
		{ECCB8787-0FC6-43B2-ABD1-6CBB237916EC}.Debug|x86.Build.0 = Debug|Any CPU
		{ECCB8787-0FC6-43B2-ABD1-6CBB237916EC}.Mono|Any CPU.ActiveCfg = Release|Any CPU
		{ECCB8787-0FC6-43B2-ABD1-6CBB237916EC}.Mono|Any CPU.Build.0 = Release|Any CPU
		{ECCB8787-0FC6-43B2-ABD1-6CBB237916EC}.Mono|x64.ActiveCfg = Release|Any CPU
		{ECCB8787-0FC6-43B2-ABD1-6CBB237916EC}.Mono|x64.Build.0 = Release|Any CPU
		{ECCB8787-0FC6-43B2-ABD1-6CBB237916EC}.Mono|x86.ActiveCfg = Release|Any CPU
		{ECCB8787-0FC6-43B2-ABD1-6CBB237916EC}.Mono|x86.Build.0 = Release|Any CPU
		{ECCB8787-0FC6-43B2-ABD1-6CBB237916EC}.Release|Any CPU.ActiveCfg = Release|Any CPU
		{ECCB8787-0FC6-43B2-ABD1-6CBB237916EC}.Release|Any CPU.Build.0 = Release|Any CPU
		{ECCB8787-0FC6-43B2-ABD1-6CBB237916EC}.Release|x64.ActiveCfg = Release|Any CPU
		{ECCB8787-0FC6-43B2-ABD1-6CBB237916EC}.Release|x64.Build.0 = Release|Any CPU
		{ECCB8787-0FC6-43B2-ABD1-6CBB237916EC}.Release|x86.ActiveCfg = Release|Any CPU
		{ECCB8787-0FC6-43B2-ABD1-6CBB237916EC}.Release|x86.Build.0 = Release|Any CPU
		{BDB132A4-22A1-479D-A4D0-0A2B00021F16}.Debug|Any CPU.ActiveCfg = Debug|Any CPU
		{BDB132A4-22A1-479D-A4D0-0A2B00021F16}.Debug|Any CPU.Build.0 = Debug|Any CPU
		{BDB132A4-22A1-479D-A4D0-0A2B00021F16}.Debug|x64.ActiveCfg = Debug|Any CPU
		{BDB132A4-22A1-479D-A4D0-0A2B00021F16}.Debug|x64.Build.0 = Debug|Any CPU
		{BDB132A4-22A1-479D-A4D0-0A2B00021F16}.Debug|x86.ActiveCfg = Debug|Any CPU
		{BDB132A4-22A1-479D-A4D0-0A2B00021F16}.Debug|x86.Build.0 = Debug|Any CPU
		{BDB132A4-22A1-479D-A4D0-0A2B00021F16}.Mono|Any CPU.ActiveCfg = Release|Any CPU
		{BDB132A4-22A1-479D-A4D0-0A2B00021F16}.Mono|Any CPU.Build.0 = Release|Any CPU
		{BDB132A4-22A1-479D-A4D0-0A2B00021F16}.Mono|x64.ActiveCfg = Release|Any CPU
		{BDB132A4-22A1-479D-A4D0-0A2B00021F16}.Mono|x64.Build.0 = Release|Any CPU
		{BDB132A4-22A1-479D-A4D0-0A2B00021F16}.Mono|x86.ActiveCfg = Release|Any CPU
		{BDB132A4-22A1-479D-A4D0-0A2B00021F16}.Mono|x86.Build.0 = Release|Any CPU
		{BDB132A4-22A1-479D-A4D0-0A2B00021F16}.Release|Any CPU.ActiveCfg = Release|Any CPU
		{BDB132A4-22A1-479D-A4D0-0A2B00021F16}.Release|Any CPU.Build.0 = Release|Any CPU
		{BDB132A4-22A1-479D-A4D0-0A2B00021F16}.Release|x64.ActiveCfg = Release|Any CPU
		{BDB132A4-22A1-479D-A4D0-0A2B00021F16}.Release|x64.Build.0 = Release|Any CPU
		{BDB132A4-22A1-479D-A4D0-0A2B00021F16}.Release|x86.ActiveCfg = Release|Any CPU
		{BDB132A4-22A1-479D-A4D0-0A2B00021F16}.Release|x86.Build.0 = Release|Any CPU
		{6EF251C3-0CF3-4E0C-907B-11BD3DEBA8E6}.Debug|Any CPU.ActiveCfg = Debug|Win32
		{6EF251C3-0CF3-4E0C-907B-11BD3DEBA8E6}.Debug|Any CPU.Build.0 = Debug|Win32
		{6EF251C3-0CF3-4E0C-907B-11BD3DEBA8E6}.Debug|x64.ActiveCfg = Debug|x64
		{6EF251C3-0CF3-4E0C-907B-11BD3DEBA8E6}.Debug|x64.Build.0 = Debug|x64
		{6EF251C3-0CF3-4E0C-907B-11BD3DEBA8E6}.Debug|x86.ActiveCfg = Debug|Win32
		{6EF251C3-0CF3-4E0C-907B-11BD3DEBA8E6}.Debug|x86.Build.0 = Debug|Win32
		{6EF251C3-0CF3-4E0C-907B-11BD3DEBA8E6}.Mono|Any CPU.ActiveCfg = Release|x64
		{6EF251C3-0CF3-4E0C-907B-11BD3DEBA8E6}.Mono|Any CPU.Build.0 = Release|x64
		{6EF251C3-0CF3-4E0C-907B-11BD3DEBA8E6}.Mono|x64.ActiveCfg = Release|x64
		{6EF251C3-0CF3-4E0C-907B-11BD3DEBA8E6}.Mono|x64.Build.0 = Release|x64
		{6EF251C3-0CF3-4E0C-907B-11BD3DEBA8E6}.Mono|x86.ActiveCfg = Release|Win32
		{6EF251C3-0CF3-4E0C-907B-11BD3DEBA8E6}.Mono|x86.Build.0 = Release|Win32
		{6EF251C3-0CF3-4E0C-907B-11BD3DEBA8E6}.Release|Any CPU.ActiveCfg = Release|Win32
		{6EF251C3-0CF3-4E0C-907B-11BD3DEBA8E6}.Release|x64.ActiveCfg = Release|x64
		{6EF251C3-0CF3-4E0C-907B-11BD3DEBA8E6}.Release|x64.Build.0 = Release|x64
		{6EF251C3-0CF3-4E0C-907B-11BD3DEBA8E6}.Release|x86.ActiveCfg = Release|Win32
		{6EF251C3-0CF3-4E0C-907B-11BD3DEBA8E6}.Release|x86.Build.0 = Release|Win32
		{CFB603C1-8371-460D-BA60-91E697EAE1B3}.Debug|Any CPU.ActiveCfg = Debug|Any CPU
		{CFB603C1-8371-460D-BA60-91E697EAE1B3}.Debug|Any CPU.Build.0 = Debug|Any CPU
		{CFB603C1-8371-460D-BA60-91E697EAE1B3}.Debug|x64.ActiveCfg = Debug|Any CPU
		{CFB603C1-8371-460D-BA60-91E697EAE1B3}.Debug|x64.Build.0 = Debug|Any CPU
		{CFB603C1-8371-460D-BA60-91E697EAE1B3}.Debug|x86.ActiveCfg = Debug|Any CPU
		{CFB603C1-8371-460D-BA60-91E697EAE1B3}.Debug|x86.Build.0 = Debug|Any CPU
		{CFB603C1-8371-460D-BA60-91E697EAE1B3}.Mono|Any CPU.ActiveCfg = Release|Any CPU
		{CFB603C1-8371-460D-BA60-91E697EAE1B3}.Mono|Any CPU.Build.0 = Release|Any CPU
		{CFB603C1-8371-460D-BA60-91E697EAE1B3}.Mono|x64.ActiveCfg = Release|Any CPU
		{CFB603C1-8371-460D-BA60-91E697EAE1B3}.Mono|x64.Build.0 = Release|Any CPU
		{CFB603C1-8371-460D-BA60-91E697EAE1B3}.Mono|x86.ActiveCfg = Release|Any CPU
		{CFB603C1-8371-460D-BA60-91E697EAE1B3}.Mono|x86.Build.0 = Release|Any CPU
		{CFB603C1-8371-460D-BA60-91E697EAE1B3}.Release|Any CPU.ActiveCfg = Release|Any CPU
		{CFB603C1-8371-460D-BA60-91E697EAE1B3}.Release|Any CPU.Build.0 = Release|Any CPU
		{CFB603C1-8371-460D-BA60-91E697EAE1B3}.Release|x64.ActiveCfg = Release|Any CPU
		{CFB603C1-8371-460D-BA60-91E697EAE1B3}.Release|x64.Build.0 = Release|Any CPU
		{CFB603C1-8371-460D-BA60-91E697EAE1B3}.Release|x86.ActiveCfg = Release|Any CPU
		{CFB603C1-8371-460D-BA60-91E697EAE1B3}.Release|x86.Build.0 = Release|Any CPU
	EndGlobalSection
	GlobalSection(SolutionProperties) = preSolution
		HideSolutionNode = FALSE
	EndGlobalSection
EndGlobal
